
Microsoft Visual Studio Solution File, Format Version 12.00
# Visual Studio Version 16
VisualStudioVersion = 16.0.29102.190
MinimumVisualStudioVersion = 10.0.40219.1
Project("{FAE04EC0-301F-11D3-BF4B-00C04F79EFBC}") = "PasswordGenerator", "PasswordGenerator\PasswordGenerator.csproj", "{CAAC0A0D-DAB1-4CE7-9EBB-2227A1298775}"
EndProject
Global
	GlobalSection(SolutionConfigurationPlatforms) = preSolution
		Debug|Any CPU = Debug|Any CPU
		Release|Any CPU = Release|Any CPU
	EndGlobalSection
	GlobalSection(ProjectConfigurationPlatforms) = postSolution
		{CAAC0A0D-DAB1-4CE7-9EBB-2227A1298775}.Debug|Any CPU.ActiveCfg = Debug|Any CPU
		{CAAC0A0D-DAB1-4CE7-9EBB-2227A1298775}.Debug|Any CPU.Build.0 = Debug|Any CPU
		{CAAC0A0D-DAB1-4CE7-9EBB-2227A1298775}.Release|Any CPU.ActiveCfg = Release|Any CPU
		{CAAC0A0D-DAB1-4CE7-9EBB-2227A1298775}.Release|Any CPU.Build.0 = Release|Any CPU
	EndGlobalSection
	GlobalSection(SolutionProperties) = preSolution
		HideSolutionNode = FALSE
	EndGlobalSection
	GlobalSection(ExtensibilityGlobals) = postSolution
		SolutionGuid = {06CC9B8A-C617-49C7-873D-B1DBDF7D22FE}
	EndGlobalSection
EndGlobal
